
Microsoft Visual Studio Solution File, Format Version 12.00
# Visual Studio Version 17
VisualStudioVersion = 17.13.35828.75
MinimumVisualStudioVersion = 10.0.40219.1
Project("{FAE04EC0-301F-11D3-BF4B-00C04F79EFBC}") = "CalendarLibrary", "CalendarLibrary.csproj", "{596CCF29-9AC6-4B26-89CC-54F3C1AD0523}"
EndProject
Project("{FAE04EC0-301F-11D3-BF4B-00C04F79EFBC}") = "CalendarConsole", "..\CalendarConsole\CalendarConsole.csproj", "{34D98F1C-BE57-4900-82D2-37A711EAFCF2}"
EndProject
Project("{FAE04EC0-301F-11D3-BF4B-00C04F79EFBC}") = "CalendarWinForms", "..\CalendarWinForms\CalendarWinForms.csproj", "{10C3E1D7-D5E7-4D01-B6F0-E0E06C3355E8}"
EndProject
Project("{FAE04EC0-301F-11D3-BF4B-00C04F79EFBC}") = "CalendarWPF", "..\CalendarWPF\CalendarWPF.csproj", "{A9A9B6D1-BF3F-4374-ACCA-CA537464C9C2}"
EndProject
Project("{8BC9CEB8-8B4A-11D0-8D11-00A0C91BC942}") = "soim", "\\Mac\Home\Downloads\SOIM_8_4_8c\SOIM_8_4_8c\soim\soim.vcxproj", "{C4C10C5A-BD02-3665-90D8-148130C998BB}"
EndProject
Global
	GlobalSection(SolutionConfigurationPlatforms) = preSolution
		Debug|Any CPU = Debug|Any CPU
		Debug|ARM64 = Debug|ARM64
		Release|Any CPU = Release|Any CPU
		Release|ARM64 = Release|ARM64
	EndGlobalSection
	GlobalSection(ProjectConfigurationPlatforms) = postSolution
		{596CCF29-9AC6-4B26-89CC-54F3C1AD0523}.Debug|Any CPU.ActiveCfg = Debug|Any CPU
		{596CCF29-9AC6-4B26-89CC-54F3C1AD0523}.Debug|Any CPU.Build.0 = Debug|Any CPU
		{596CCF29-9AC6-4B26-89CC-54F3C1AD0523}.Debug|ARM64.ActiveCfg = Debug|Any CPU
		{596CCF29-9AC6-4B26-89CC-54F3C1AD0523}.Debug|ARM64.Build.0 = Debug|Any CPU
		{596CCF29-9AC6-4B26-89CC-54F3C1AD0523}.Release|Any CPU.ActiveCfg = Release|Any CPU
		{596CCF29-9AC6-4B26-89CC-54F3C1AD0523}.Release|Any CPU.Build.0 = Release|Any CPU
		{596CCF29-9AC6-4B26-89CC-54F3C1AD0523}.Release|ARM64.ActiveCfg = Release|Any CPU
		{596CCF29-9AC6-4B26-89CC-54F3C1AD0523}.Release|ARM64.Build.0 = Release|Any CPU
		{34D98F1C-BE57-4900-82D2-37A711EAFCF2}.Debug|Any CPU.ActiveCfg = Debug|Any CPU
		{34D98F1C-BE57-4900-82D2-37A711EAFCF2}.Debug|Any CPU.Build.0 = Debug|Any CPU
		{34D98F1C-BE57-4900-82D2-37A711EAFCF2}.Debug|ARM64.ActiveCfg = Debug|Any CPU
		{34D98F1C-BE57-4900-82D2-37A711EAFCF2}.Debug|ARM64.Build.0 = Debug|Any CPU
		{34D98F1C-BE57-4900-82D2-37A711EAFCF2}.Release|Any CPU.ActiveCfg = Release|Any CPU
		{34D98F1C-BE57-4900-82D2-37A711EAFCF2}.Release|Any CPU.Build.0 = Release|Any CPU
		{34D98F1C-BE57-4900-82D2-37A711EAFCF2}.Release|ARM64.ActiveCfg = Release|Any CPU
		{34D98F1C-BE57-4900-82D2-37A711EAFCF2}.Release|ARM64.Build.0 = Release|Any CPU
		{10C3E1D7-D5E7-4D01-B6F0-E0E06C3355E8}.Debug|Any CPU.ActiveCfg = Debug|Any CPU
		{10C3E1D7-D5E7-4D01-B6F0-E0E06C3355E8}.Debug|Any CPU.Build.0 = Debug|Any CPU
		{10C3E1D7-D5E7-4D01-B6F0-E0E06C3355E8}.Debug|ARM64.ActiveCfg = Debug|Any CPU
		{10C3E1D7-D5E7-4D01-B6F0-E0E06C3355E8}.Debug|ARM64.Build.0 = Debug|Any CPU
		{10C3E1D7-D5E7-4D01-B6F0-E0E06C3355E8}.Release|Any CPU.ActiveCfg = Release|Any CPU
		{10C3E1D7-D5E7-4D01-B6F0-E0E06C3355E8}.Release|Any CPU.Build.0 = Release|Any CPU
		{10C3E1D7-D5E7-4D01-B6F0-E0E06C3355E8}.Release|ARM64.ActiveCfg = Release|Any CPU
		{10C3E1D7-D5E7-4D01-B6F0-E0E06C3355E8}.Release|ARM64.Build.0 = Release|Any CPU
		{A9A9B6D1-BF3F-4374-ACCA-CA537464C9C2}.Debug|Any CPU.ActiveCfg = Debug|Any CPU
		{A9A9B6D1-BF3F-4374-ACCA-CA537464C9C2}.Debug|Any CPU.Build.0 = Debug|Any CPU
		{A9A9B6D1-BF3F-4374-ACCA-CA537464C9C2}.Debug|ARM64.ActiveCfg = Debug|Any CPU
		{A9A9B6D1-BF3F-4374-ACCA-CA537464C9C2}.Debug|ARM64.Build.0 = Debug|Any CPU
		{A9A9B6D1-BF3F-4374-ACCA-CA537464C9C2}.Release|Any CPU.ActiveCfg = Release|Any CPU
		{A9A9B6D1-BF3F-4374-ACCA-CA537464C9C2}.Release|Any CPU.Build.0 = Release|Any CPU
		{A9A9B6D1-BF3F-4374-ACCA-CA537464C9C2}.Release|ARM64.ActiveCfg = Release|Any CPU
		{A9A9B6D1-BF3F-4374-ACCA-CA537464C9C2}.Release|ARM64.Build.0 = Release|Any CPU
		{C4C10C5A-BD02-3665-90D8-148130C998BB}.Debug|Any CPU.ActiveCfg = Debug|ARM64
		{C4C10C5A-BD02-3665-90D8-148130C998BB}.Debug|Any CPU.Build.0 = Debug|ARM64
		{C4C10C5A-BD02-3665-90D8-148130C998BB}.Debug|ARM64.ActiveCfg = Debug|ARM64
		{C4C10C5A-BD02-3665-90D8-148130C998BB}.Debug|ARM64.Build.0 = Debug|ARM64
		{C4C10C5A-BD02-3665-90D8-148130C998BB}.Release|Any CPU.ActiveCfg = Release|ARM64
		{C4C10C5A-BD02-3665-90D8-148130C998BB}.Release|Any CPU.Build.0 = Release|ARM64
		{C4C10C5A-BD02-3665-90D8-148130C998BB}.Release|ARM64.ActiveCfg = Release|ARM64
		{C4C10C5A-BD02-3665-90D8-148130C998BB}.Release|ARM64.Build.0 = Release|ARM64
	EndGlobalSection
	GlobalSection(SolutionProperties) = preSolution
		HideSolutionNode = FALSE
	EndGlobalSection
	GlobalSection(ExtensibilityGlobals) = postSolution
		SolutionGuid = {E8D16797-E88A-4C94-83E2-D06949267223}
	EndGlobalSection
EndGlobal
